
Microsoft Visual Studio Solution File, Format Version 12.00
# Visual Studio 15
Project("{FAE04EC0-301F-11D3-BF4B-00C04F79EFBC}") = "Assembly-CSharp", "Assembly-CSharp.csproj", "{76242054-243E-6FFC-C6F8-742C7283CB8C}"
EndProject
Project("{FAE04EC0-301F-11D3-BF4B-00C04F79EFBC}") = "Assembly-CSharp-firstpass", "Assembly-CSharp-firstpass.csproj", "{57319113-7BB7-FE96-4C24-FB4F8128300C}"
EndProject
Project("{FAE04EC0-301F-11D3-BF4B-00C04F79EFBC}") = "Assembly-CSharp-Editor", "Assembly-CSharp-Editor.csproj", "{A930CC49-AC8F-8E62-DD22-A0EBDCC912F8}"
EndProject
Global
	GlobalSection(SolutionConfigurationPlatforms) = preSolution
		Debug|Any CPU = Debug|Any CPU
		Release|Any CPU = Release|Any CPU
	EndGlobalSection
	GlobalSection(ProjectConfigurationPlatforms) = postSolution
		{76242054-243E-6FFC-C6F8-742C7283CB8C}.Debug|Any CPU.ActiveCfg = Debug|Any CPU
		{76242054-243E-6FFC-C6F8-742C7283CB8C}.Debug|Any CPU.Build.0 = Debug|Any CPU
		{76242054-243E-6FFC-C6F8-742C7283CB8C}.Release|Any CPU.ActiveCfg = Release|Any CPU
		{76242054-243E-6FFC-C6F8-742C7283CB8C}.Release|Any CPU.Build.0 = Release|Any CPU
		{57319113-7BB7-FE96-4C24-FB4F8128300C}.Debug|Any CPU.ActiveCfg = Debug|Any CPU
		{57319113-7BB7-FE96-4C24-FB4F8128300C}.Debug|Any CPU.Build.0 = Debug|Any CPU
		{57319113-7BB7-FE96-4C24-FB4F8128300C}.Release|Any CPU.ActiveCfg = Release|Any CPU
		{57319113-7BB7-FE96-4C24-FB4F8128300C}.Release|Any CPU.Build.0 = Release|Any CPU
		{A930CC49-AC8F-8E62-DD22-A0EBDCC912F8}.Debug|Any CPU.ActiveCfg = Debug|Any CPU
		{A930CC49-AC8F-8E62-DD22-A0EBDCC912F8}.Debug|Any CPU.Build.0 = Debug|Any CPU
		{A930CC49-AC8F-8E62-DD22-A0EBDCC912F8}.Release|Any CPU.ActiveCfg = Release|Any CPU
		{A930CC49-AC8F-8E62-DD22-A0EBDCC912F8}.Release|Any CPU.Build.0 = Release|Any CPU
	EndGlobalSection
	GlobalSection(SolutionProperties) = preSolution
		HideSolutionNode = FALSE
	EndGlobalSection
EndGlobal
